
Microsoft Visual Studio Solution File, Format Version 12.00
Project("{FAE04EC0-301F-11D3-BF4B-00C04F79EFBC}") = "DiscordApi", "DiscordApi\DiscordApi.csproj", "{19B453B4-1137-400F-97ED-11653549C715}"
EndProject
Project("{FAE04EC0-301F-11D3-BF4B-00C04F79EFBC}") = "_build", "build\_build.csproj", "{3AB1F551-8851-4CC5-B71A-095E995D5133}"
EndProject
Project("{2150E333-8FDC-42A3-9474-1A3956D46DE8}") = "Bot", "Bot", "{B1CC35A8-A80D-487E-9A3D-5945E551A977}"
EndProject
Project("{FAE04EC0-301F-11D3-BF4B-00C04F79EFBC}") = "BotModule", "BotModule\BotModule.csproj", "{DCA8BF92-33F7-47D6-962A-A61F07459B09}"
EndProject
Project("{2150E333-8FDC-42A3-9474-1A3956D46DE8}") = "Data", "Data", "{EA15F85F-4379-45C9-9568-336C181C80EF}"
EndProject
Project("{FAE04EC0-301F-11D3-BF4B-00C04F79EFBC}") = "DB", "DB\DB.csproj", "{4C7F48F0-DFE2-468B-ACDD-10CEC7400139}"
EndProject
Project("{FAE04EC0-301F-11D3-BF4B-00C04F79EFBC}") = "ProcessProvider", "ProcessProvider\ProcessProvider.csproj", "{77AD98CE-AE5F-4591-8759-1C0D555903A6}"
EndProject
Global
	GlobalSection(SolutionConfigurationPlatforms) = preSolution
		Debug|Any CPU = Debug|Any CPU
		Release|Any CPU = Release|Any CPU
	EndGlobalSection
	GlobalSection(ProjectConfigurationPlatforms) = postSolution
		{19B453B4-1137-400F-97ED-11653549C715}.Debug|Any CPU.ActiveCfg = Debug|Any CPU
		{19B453B4-1137-400F-97ED-11653549C715}.Debug|Any CPU.Build.0 = Debug|Any CPU
		{19B453B4-1137-400F-97ED-11653549C715}.Release|Any CPU.ActiveCfg = Release|Any CPU
		{19B453B4-1137-400F-97ED-11653549C715}.Release|Any CPU.Build.0 = Release|Any CPU
		{3AB1F551-8851-4CC5-B71A-095E995D5133}.Debug|Any CPU.ActiveCfg = Debug|Any CPU
		{3AB1F551-8851-4CC5-B71A-095E995D5133}.Debug|Any CPU.Build.0 = Debug|Any CPU
		{3AB1F551-8851-4CC5-B71A-095E995D5133}.Release|Any CPU.ActiveCfg = Release|Any CPU
		{3AB1F551-8851-4CC5-B71A-095E995D5133}.Release|Any CPU.Build.0 = Release|Any CPU
		{DCA8BF92-33F7-47D6-962A-A61F07459B09}.Debug|Any CPU.ActiveCfg = Debug|Any CPU
		{DCA8BF92-33F7-47D6-962A-A61F07459B09}.Debug|Any CPU.Build.0 = Debug|Any CPU
		{DCA8BF92-33F7-47D6-962A-A61F07459B09}.Release|Any CPU.ActiveCfg = Release|Any CPU
		{DCA8BF92-33F7-47D6-962A-A61F07459B09}.Release|Any CPU.Build.0 = Release|Any CPU
		{4C7F48F0-DFE2-468B-ACDD-10CEC7400139}.Debug|Any CPU.ActiveCfg = Debug|Any CPU
		{4C7F48F0-DFE2-468B-ACDD-10CEC7400139}.Debug|Any CPU.Build.0 = Debug|Any CPU
		{4C7F48F0-DFE2-468B-ACDD-10CEC7400139}.Release|Any CPU.ActiveCfg = Release|Any CPU
		{4C7F48F0-DFE2-468B-ACDD-10CEC7400139}.Release|Any CPU.Build.0 = Release|Any CPU
		{77AD98CE-AE5F-4591-8759-1C0D555903A6}.Debug|Any CPU.ActiveCfg = Debug|Any CPU
		{77AD98CE-AE5F-4591-8759-1C0D555903A6}.Debug|Any CPU.Build.0 = Debug|Any CPU
		{77AD98CE-AE5F-4591-8759-1C0D555903A6}.Release|Any CPU.ActiveCfg = Release|Any CPU
		{77AD98CE-AE5F-4591-8759-1C0D555903A6}.Release|Any CPU.Build.0 = Release|Any CPU
	EndGlobalSection
	GlobalSection(NestedProjects) = preSolution
		{DCA8BF92-33F7-47D6-962A-A61F07459B09} = {B1CC35A8-A80D-487E-9A3D-5945E551A977}
		{4C7F48F0-DFE2-468B-ACDD-10CEC7400139} = {EA15F85F-4379-45C9-9568-336C181C80EF}
		{77AD98CE-AE5F-4591-8759-1C0D555903A6} = {B1CC35A8-A80D-487E-9A3D-5945E551A977}
	EndGlobalSection
EndGlobal
